
Microsoft Visual Studio Solution File, Format Version 12.00
# Visual Studio Version 16
VisualStudioVersion = 16.0.31019.35
MinimumVisualStudioVersion = 10.0.40219.1
Project("{FAE04EC0-301F-11D3-BF4B-00C04F79EFBC}") = "PostmanRoute", "PostmanRoute\PostmanRoute.csproj", "{2F52505D-1944-4BB7-BFDC-D197D436997B}"
EndProject
Global
	GlobalSection(SolutionConfigurationPlatforms) = preSolution
		Debug|Any CPU = Debug|Any CPU
		Release|Any CPU = Release|Any CPU
	EndGlobalSection
	GlobalSection(ProjectConfigurationPlatforms) = postSolution
		{2F52505D-1944-4BB7-BFDC-D197D436997B}.Debug|Any CPU.ActiveCfg = Debug|Any CPU
		{2F52505D-1944-4BB7-BFDC-D197D436997B}.Debug|Any CPU.Build.0 = Debug|Any CPU
		{2F52505D-1944-4BB7-BFDC-D197D436997B}.Release|Any CPU.ActiveCfg = Release|Any CPU
		{2F52505D-1944-4BB7-BFDC-D197D436997B}.Release|Any CPU.Build.0 = Release|Any CPU
	EndGlobalSection
	GlobalSection(SolutionProperties) = preSolution
		HideSolutionNode = FALSE
	EndGlobalSection
	GlobalSection(ExtensibilityGlobals) = postSolution
		SolutionGuid = {5B06E968-AD4F-4C33-8AED-791968EE623B}
	EndGlobalSection
EndGlobal
